// !$*UTF8*$!
{
	archiveVersion = 1;
	classes = {
	};
	objectVersion = 56;
	objects = {

/* Begin PBXBuildFile section */
		434B4FE02960882400443583 /* Anot.swift in Sources */ = {isa = PBXBuildFile; fileRef = 434B4FDF2960882400443583 /* Anot.swift */; };
		43EAD9A9295CB3AB00B9FABF /* AppDelegate.swift in Sources */ = {isa = PBXBuildFile; fileRef = 43EAD9A8295CB3AB00B9FABF /* AppDelegate.swift */; };
		43EAD9AB295CB3AB00B9FABF /* SceneDelegate.swift in Sources */ = {isa = PBXBuildFile; fileRef = 43EAD9AA295CB3AB00B9FABF /* SceneDelegate.swift */; };
		43EAD9AD295CB3AB00B9FABF /* ViewController.swift in Sources */ = {isa = PBXBuildFile; fileRef = 43EAD9AC295CB3AB00B9FABF /* ViewController.swift */; };
		43EAD9B0295CB3AB00B9FABF /* Main.storyboard in Resources */ = {isa = PBXBuildFile; fileRef = 43EAD9AE295CB3AB00B9FABF /* Main.storyboard */; };
		43EAD9B3295CB3AB00B9FABF /* Map_App.xcdatamodeld in Sources */ = {isa = PBXBuildFile; fileRef = 43EAD9B1295CB3AB00B9FABF /* Map_App.xcdatamodeld */; };
		43EAD9B5295CB3AC00B9FABF /* Assets.xcassets in Resources */ = {isa = PBXBuildFile; fileRef = 43EAD9B4295CB3AC00B9FABF /* Assets.xcassets */; };
		43EAD9B8295CB3AC00B9FABF /* LaunchScreen.storyboard in Resources */ = {isa = PBXBuildFile; fileRef = 43EAD9B6295CB3AC00B9FABF /* LaunchScreen.storyboard */; };
/* End PBXBuildFile section */

/* Begin PBXFileReference section */
		434B4FDF2960882400443583 /* Anot.swift */ = {isa = PBXFileReference; lastKnownFileType = sourcecode.swift; path = Anot.swift; sourceTree = "<group>"; };
		43EAD9A5295CB3AB00B9FABF /* Map App.app */ = {isa = PBXFileReference; explicitFileType = wrapper.application; includeInIndex = 0; path = "Map App.app"; sourceTree = BUILT_PRODUCTS_DIR; };
		43EAD9A8295CB3AB00B9FABF /* AppDelegate.swift */ = {isa = PBXFileReference; lastKnownFileType = sourcecode.swift; path = AppDelegate.swift; sourceTree = "<group>"; };
		43EAD9AA295CB3AB00B9FABF /* SceneDelegate.swift */ = {isa = PBXFileReference; lastKnownFileType = sourcecode.swift; path = SceneDelegate.swift; sourceTree = "<group>"; };
		43EAD9AC295CB3AB00B9FABF /* ViewController.swift */ = {isa = PBXFileReference; lastKnownFileType = sourcecode.swift; path = ViewController.swift; sourceTree = "<group>"; };
		43EAD9AF295CB3AB00B9FABF /* Base */ = {isa = PBXFileReference; lastKnownFileType = file.storyboard; name = Base; path = Base.lproj/Main.storyboard; sourceTree = "<group>"; };
		43EAD9B2295CB3AB00B9FABF /* Map_App.xcdatamodel */ = {isa = PBXFileReference; lastKnownFileType = wrapper.xcdatamodel; path = Map_App.xcdatamodel; sourceTree = "<group>"; };
		43EAD9B4295CB3AC00B9FABF /* Assets.xcassets */ = {isa = PBXFileReference; lastKnownFileType = folder.assetcatalog; path = Assets.xcassets; sourceTree = "<group>"; };
		43EAD9B7295CB3AC00B9FABF /* Base */ = {isa = PBXFileReference; lastKnownFileType = file.storyboard; name = Base; path = Base.lproj/LaunchScreen.storyboard; sourceTree = "<group>"; };
		43EAD9B9295CB3AC00B9FABF /* Info.plist */ = {isa = PBXFileReference; lastKnownFileType = text.plist.xml; path = Info.plist; sourceTree = "<group>"; };
/* End PBXFileReference section */

/* Begin PBXFrameworksBuildPhase section */
		43EAD9A2295CB3AB00B9FABF /* Frameworks */ = {
			isa = PBXFrameworksBuildPhase;
			buildActionMask = 2147483647;
			files = (
			);
			runOnlyForDeploymentPostprocessing = 0;
		};
/* End PBXFrameworksBuildPhase section */

/* Begin PBXGroup section */
		43EAD99C295CB3AB00B9FABF = {
			isa = PBXGroup;
			children = (
				43EAD9A7295CB3AB00B9FABF /* Map App */,
				43EAD9A6295CB3AB00B9FABF /* Products */,
			);
			sourceTree = "<group>";
		};
		43EAD9A6295CB3AB00B9FABF /* Products */ = {
			isa = PBXGroup;
			children = (
				43EAD9A5295CB3AB00B9FABF /* Map App.app */,
			);
			name = Products;
			sourceTree = "<group>";
		};
		43EAD9A7295CB3AB00B9FABF /* Map App */ = {
			isa = PBXGroup;
			children = (
				43EAD9A8295CB3AB00B9FABF /* AppDelegate.swift */,
				43EAD9AA295CB3AB00B9FABF /* SceneDelegate.swift */,
				43EAD9AC295CB3AB00B9FABF /* ViewController.swift */,
				43EAD9AE295CB3AB00B9FABF /* Main.storyboard */,
				43EAD9B4295CB3AC00B9FABF /* Assets.xcassets */,
				43EAD9B6295CB3AC00B9FABF /* LaunchScreen.storyboard */,
				43EAD9B9295CB3AC00B9FABF /* Info.plist */,
				43EAD9B1295CB3AB00B9FABF /* Map_App.xcdatamodeld */,
				434B4FDF2960882400443583 /* Anot.swift */,
			);
			path = "Map App";
			sourceTree = "<group>";
		};
/* End PBXGroup section */

/* Begin PBXNativeTarget section */
		43EAD9A4295CB3AB00B9FABF /* Map App */ = {
			isa = PBXNativeTarget;
			buildConfigurationList = 43EAD9BC295CB3AC00B9FABF /* Build configuration list for PBXNativeTarget "Map App" */;
			buildPhases = (
				43EAD9A1295CB3AB00B9FABF /* Sources */,
				43EAD9A2295CB3AB00B9FABF /* Frameworks */,
				43EAD9A3295CB3AB00B9FABF /* Resources */,
			);
			buildRules = (
			);
			dependencies = (
			);
			name = "Map App";
			productName = "Map App";
			productReference = 43EAD9A5295CB3AB00B9FABF /* Map App.app */;
			productType = "com.apple.product-type.application";
		};
/* End PBXNativeTarget section */

/* Begin PBXProject section */
		43EAD99D295CB3AB00B9FABF /* Project object */ = {
			isa = PBXProject;
			attributes = {
				BuildIndependentTargetsInParallel = 1;
				LastSwiftUpdateCheck = 1420;
				LastUpgradeCheck = 1420;
				TargetAttributes = {
					43EAD9A4295CB3AB00B9FABF = {
						CreatedOnToolsVersion = 14.2;
					};
				};
			};
			buildConfigurationList = 43EAD9A0295CB3AB00B9FABF /* Build configuration list for PBXProject "Map App" */;
			compatibilityVersion = "Xcode 14.0";
			developmentRegion = en;
			hasScannedForEncodings = 0;
			knownRegions = (
				en,
				Base,
			);
			mainGroup = 43EAD99C295CB3AB00B9FABF;
			productRefGroup = 43EAD9A6295CB3AB00B9FABF /* Products */;
			projectDirPath = "";
			projectRoot = "";
			targets = (
				43EAD9A4295CB3AB00B9FABF /* Map App */,
			);
		};
/* End PBXProject section */

/* Begin PBXResourcesBuildPhase section */
		43EAD9A3295CB3AB00B9FABF /* Resources */ = {
			isa = PBXResourcesBuildPhase;
			buildActionMask = 2147483647;
			files = (
				43EAD9B8295CB3AC00B9FABF /* LaunchScreen.storyboard in Resources */,
				43EAD9B5295CB3AC00B9FABF /* Assets.xcassets in Resources */,
				43EAD9B0295CB3AB00B9FABF /* Main.storyboard in Resources */,
			);
			runOnlyForDeploymentPostprocessing = 0;
		};
/* End PBXResourcesBuildPhase section */

/* Begin PBXSourcesBuildPhase section */
		43EAD9A1295CB3AB00B9FABF /* Sources */ = {
			isa = PBXSourcesBuildPhase;
			buildActionMask = 2147483647;
			files = (
				434B4FE02960882400443583 /* Anot.swift in Sources */,
				43EAD9AD295CB3AB00B9FABF /* ViewController.swift in Sources */,
				43EAD9A9295CB3AB00B9FABF /* AppDelegate.swift in Sources */,
				43EAD9B3295CB3AB00B9FABF /* Map_App.xcdatamodeld in Sources */,
				43EAD9AB295CB3AB00B9FABF /* SceneDelegate.swift in Sources */,
			);
			runOnlyForDeploymentPostprocessing = 0;
		};
/* End PBXSourcesBuildPhase section */

/* Begin PBXVariantGroup section */
		43EAD9AE295CB3AB00B9FABF /* Main.storyboard */ = {
			isa = PBXVariantGroup;
			children = (
				43EAD9AF295CB3AB00B9FABF /* Base */,
			);
			name = Main.storyboard;
			sourceTree = "<group>";
		};
		43EAD9B6295CB3AC00B9FABF /* LaunchScreen.storyboard */ = {
			isa = PBXVariantGroup;
			children = (
				43EAD9B7295CB3AC00B9FABF /* Base */,
			);
			name = LaunchScreen.storyboard;
			sourceTree = "<group>";
		};
/* End PBXVariantGroup section */

/* Begin XCBuildConfiguration section */
		43EAD9BA295CB3AC00B9FABF /* Debug */ = {
			isa = XCBuildConfiguration;
			buildSettings = {
				ALWAYS_SEARCH_USER_PATHS = NO;
				CLANG_ANALYZER_NONNULL = YES;
				CLANG_ANALYZER_NUMBER_OBJECT_CONVERSION = YES_AGGRESSIVE;
				CLANG_CXX_LANGUAGE_STANDARD = "gnu++20";
				CLANG_ENABLE_MODULES = YES;
				CLANG_ENABLE_OBJC_ARC = YES;
				CLANG_ENABLE_OBJC_WEAK = YES;
				CLANG_WARN_BLOCK_CAPTURE_AUTORELEASING = YES;
				CLANG_WARN_BOOL_CONVERSION = YES;
				CLANG_WARN_COMMA = YES;
				CLANG_WARN_CONSTANT_CONVERSION = YES;
				CLANG_WARN_DEPRECATED_OBJC_IMPLEMENTATIONS = YES;
				CLANG_WARN_DIRECT_OBJC_ISA_USAGE = YES_ERROR;
				CLANG_WARN_DOCUMENTATION_COMMENTS = YES;
				CLANG_WARN_EMPTY_BODY = YES;
				CLANG_WARN_ENUM_CONVERSION = YES;
				CLANG_WARN_INFINITE_RECURSION = YES;
				CLANG_WARN_INT_CONVERSION = YES;
				CLANG_WARN_NON_LITERAL_NULL_CONVERSION = YES;
				CLANG_WARN_OBJC_IMPLICIT_RETAIN_SELF = YES;
				CLANG_WARN_OBJC_LITERAL_CONVERSION = YES;
				CLANG_WARN_OBJC_ROOT_CLASS = YES_ERROR;
				CLANG_WARN_QUOTED_INCLUDE_IN_FRAMEWORK_HEADER = YES;
				CLANG_WARN_RANGE_LOOP_ANALYSIS = YES;
				CLANG_WARN_STRICT_PROTOTYPES = YES;
				CLANG_WARN_SUSPICIOUS_MOVE = YES;
				CLANG_WARN_UNGUARDED_AVAILABILITY = YES_AGGRESSIVE;
				CLANG_WARN_UNREACHABLE_CODE = YES;
				CLANG_WARN__DUPLICATE_METHOD_MATCH = YES;
				COPY_PHASE_STRIP = NO;
				DEBUG_INFORMATION_FORMAT = dwarf;
				ENABLE_STRICT_OBJC_MSGSEND = YES;
				ENABLE_TESTABILITY = YES;
				GCC_C_LANGUAGE_STANDARD = gnu11;
				GCC_DYNAMIC_NO_PIC = NO;
				GCC_NO_COMMON_BLOCKS = YES;
				GCC_OPTIMIZATION_LEVEL = 0;
				GCC_PREPROCESSOR_DEFINITIONS = (
					"DEBUG=1",
					"$(inherited)",
				);
				GCC_WARN_64_TO_32_BIT_CONVERSION = YES;
				GCC_WARN_ABOUT_RETURN_TYPE = YES_ERROR;
				GCC_WARN_UNDECLARED_SELECTOR = YES;
				GCC_WARN_UNINITIALIZED_AUTOS = YES_AGGRESSIVE;
				GCC_WARN_UNUSED_FUNCTION = YES;
				GCC_WARN_UNUSED_VARIABLE = YES;
				IPHONEOS_DEPLOYMENT_TARGET = 16.2;
				MTL_ENABLE_DEBUG_INFO = INCLUDE_SOURCE;
				MTL_FAST_MATH = YES;
				ONLY_ACTIVE_ARCH = YES;
				SDKROOT = iphoneos;
				SWIFT_ACTIVE_COMPILATION_CONDITIONS = DEBUG;
				SWIFT_OPTIMIZATION_LEVEL = "-Onone";
			};
			name = Debug;
		};
		43EAD9BB295CB3AC00B9FABF /* Release */ = {
			isa = XCBuildConfiguration;
			buildSettings = {
				ALWAYS_SEARCH_USER_PATHS = NO;
				CLANG_ANALYZER_NONNULL = YES;
				CLANG_ANALYZER_NUMBER_OBJECT_CONVERSION = YES_AGGRESSIVE;
				CLANG_CXX_LANGUAGE_STANDARD = "gnu++20";
				CLANG_ENABLE_MODULES = YES;
				CLANG_ENABLE_OBJC_ARC = YES;
				CLANG_ENABLE_OBJC_WEAK = YES;
				CLANG_WARN_BLOCK_CAPTURE_AUTORELEASING = YES;
				CLANG_WARN_BOOL_CONVERSION = YES;
				CLANG_WARN_COMMA = YES;
				CLANG_WARN_CONSTANT_CONVERSION = YES;
				CLANG_WARN_DEPRECATED_OBJC_IMPLEMENTATIONS = YES;
				CLANG_WARN_DIRECT_OBJC_ISA_USAGE = YES_ERROR;
				CLANG_WARN_DOCUMENTATION_COMMENTS = YES;
				CLANG_WARN_EMPTY_BODY = YES;
				CLANG_WARN_ENUM_CONVERSION = YES;
				CLANG_WARN_INFINITE_RECURSION = YES;
				CLANG_WARN_INT_CONVERSION = YES;
				CLANG_WARN_NON_LITERAL_NULL_CONVERSION = YES;
				CLANG_WARN_OBJC_IMPLICIT_RETAIN_SELF = YES;
				CLANG_WARN_OBJC_LITERAL_CONVERSION = YES;
				CLANG_WARN_OBJC_ROOT_CLASS = YES_ERROR;
				CLANG_WARN_QUOTED_INCLUDE_IN_FRAMEWORK_HEADER = YES;
				CLANG_WARN_RANGE_LOOP_ANALYSIS = YES;
				CLANG_WARN_STRICT_PROTOTYPES = YES;
				CLANG_WARN_SUSPICIOUS_MOVE = YES;
				CLANG_WARN_UNGUARDED_AVAILABILITY = YES_AGGRESSIVE;
				CLANG_WARN_UNREACHABLE_CODE = YES;
				CLANG_WARN__DUPLICATE_METHOD_MATCH = YES;
				COPY_PHASE_STRIP = NO;
				DEBUG_INFORMATION_FORMAT = "dwarf-with-dsym";
				ENABLE_NS_ASSERTIONS = NO;
				ENABLE_STRICT_OBJC_MSGSEND = YES;
				GCC_C_LANGUAGE_STANDARD = gnu11;
				GCC_NO_COMMON_BLOCKS = YES;
				GCC_WARN_64_TO_32_BIT_CONVERSION = YES;
				GCC_WARN_ABOUT_RETURN_TYPE = YES_ERROR;
				GCC_WARN_UNDECLARED_SELECTOR = YES;
				GCC_WARN_UNINITIALIZED_AUTOS = YES_AGGRESSIVE;
				GCC_WARN_UNUSED_FUNCTION = YES;
				GCC_WARN_UNUSED_VARIABLE = YES;
				IPHONEOS_DEPLOYMENT_TARGET = 16.2;
				MTL_ENABLE_DEBUG_INFO = NO;
				MTL_FAST_MATH = YES;
				SDKROOT = iphoneos;
				SWIFT_COMPILATION_MODE = wholemodule;
				SWIFT_OPTIMIZATION_LEVEL = "-O";
				VALIDATE_PRODUCT = YES;
			};
			name = Release;
		};
		43EAD9BD295CB3AC00B9FABF /* Debug */ = {
			isa = XCBuildConfiguration;
			buildSettings = {
				ASSETCATALOG_COMPILER_APPICON_NAME = AppIcon;
				ASSETCATALOG_COMPILER_GLOBAL_ACCENT_COLOR_NAME = AccentColor;
				CODE_SIGN_STYLE = Automatic;
				CURRENT_PROJECT_VERSION = 1;
				DEVELOPMENT_TEAM = 8RZ4FKZ3KA;
				GENERATE_INFOPLIST_FILE = YES;
				INFOPLIST_FILE = "Map App/Info.plist";
				INFOPLIST_KEY_UIApplicationSupportsIndirectInputEvents = YES;
				INFOPLIST_KEY_UILaunchStoryboardName = LaunchScreen;
				INFOPLIST_KEY_UIMainStoryboardFile = Main;
				INFOPLIST_KEY_UISupportedInterfaceOrientations_iPad = "UIInterfaceOrientationPortrait UIInterfaceOrientationPortraitUpsideDown UIInterfaceOrientationLandscapeLeft UIInterfaceOrientationLandscapeRight";
				INFOPLIST_KEY_UISupportedInterfaceOrientations_iPhone = "UIInterfaceOrientationPortrait UIInterfaceOrientationLandscapeLeft UIInterfaceOrientationLandscapeRight";
				LD_RUNPATH_SEARCH_PATHS = (
					"$(inherited)",
					"@executable_path/Frameworks",
				);
				MARKETING_VERSION = 1.0;
				PRODUCT_BUNDLE_IDENTIFIER = "doruk.Map-App";
				PRODUCT_NAME = "$(TARGET_NAME)";
				SWIFT_EMIT_LOC_STRINGS = YES;
				SWIFT_VERSION = 5.0;
				TARGETED_DEVICE_FAMILY = "1,2";
			};
			name = Debug;
		};
		43EAD9BE295CB3AC00B9FABF /* Release */ = {
			isa = XCBuildConfiguration;
			buildSettings = {
				ASSETCATALOG_COMPILER_APPICON_NAME = AppIcon;
				ASSETCATALOG_COMPILER_GLOBAL_ACCENT_COLOR_NAME = AccentColor;
				CODE_SIGN_STYLE = Automatic;
				CURRENT_PROJECT_VERSION = 1;
				DEVELOPMENT_TEAM = 8RZ4FKZ3KA;
				GENERATE_INFOPLIST_FILE = YES;
				INFOPLIST_FILE = "Map App/Info.plist";
				INFOPLIST_KEY_UIApplicationSupportsIndirectInputEvents = YES;
				INFOPLIST_KEY_UILaunchStoryboardName = LaunchScreen;
				INFOPLIST_KEY_UIMainStoryboardFile = Main;
				INFOPLIST_KEY_UISupportedInterfaceOrientations_iPad = "UIInterfaceOrientationPortrait UIInterfaceOrientationPortraitUpsideDown UIInterfaceOrientationLandscapeLeft UIInterfaceOrientationLandscapeRight";
				INFOPLIST_KEY_UISupportedInterfaceOrientations_iPhone = "UIInterfaceOrientationPortrait UIInterfaceOrientationLandscapeLeft UIInterfaceOrientationLandscapeRight";
				LD_RUNPATH_SEARCH_PATHS = (
					"$(inherited)",
					"@executable_path/Frameworks",
				);
				MARKETING_VERSION = 1.0;
				PRODUCT_BUNDLE_IDENTIFIER = "doruk.Map-App";
				PRODUCT_NAME = "$(TARGET_NAME)";
				SWIFT_EMIT_LOC_STRINGS = YES;
				SWIFT_VERSION = 5.0;
				TARGETED_DEVICE_FAMILY = "1,2";
			};
			name = Release;
		};
/* End XCBuildConfiguration section */

/* Begin XCConfigurationList section */
		43EAD9A0295CB3AB00B9FABF /* Build configuration list for PBXProject "Map App" */ = {
			isa = XCConfigurationList;
			buildConfigurations = (
				43EAD9BA295CB3AC00B9FABF /* Debug */,
				43EAD9BB295CB3AC00B9FABF /* Release */,
			);
			defaultConfigurationIsVisible = 0;
			defaultConfigurationName = Release;
		};
		43EAD9BC295CB3AC00B9FABF /* Build configuration list for PBXNativeTarget "Map App" */ = {
			isa = XCConfigurationList;
			buildConfigurations = (
				43EAD9BD295CB3AC00B9FABF /* Debug */,
				43EAD9BE295CB3AC00B9FABF /* Release */,
			);
			defaultConfigurationIsVisible = 0;
			defaultConfigurationName = Release;
		};
/* End XCConfigurationList section */

/* Begin XCVersionGroup section */
		43EAD9B1295CB3AB00B9FABF /* Map_App.xcdatamodeld */ = {
			isa = XCVersionGroup;
			children = (
				43EAD9B2295CB3AB00B9FABF /* Map_App.xcdatamodel */,
			);
			currentVersion = 43EAD9B2295CB3AB00B9FABF /* Map_App.xcdatamodel */;
			path = Map_App.xcdatamodeld;
			sourceTree = "<group>";
			versionGroupType = wrapper.xcdatamodel;
		};
/* End XCVersionGroup section */
	};
	rootObject = 43EAD99D295CB3AB00B9FABF /* Project object */;
}
